
Microsoft Visual Studio Solution File, Format Version 12.00
# Visual Studio Version 16
VisualStudioVersion = 16.0.31424.327
MinimumVisualStudioVersion = 10.0.40219.1
Project("{FAE04EC0-301F-11D3-BF4B-00C04F79EFBC}") = "SimpleCCompiler", "SimpleCCompiler\SimpleCCompiler.csproj", "{E9BC923B-AC68-4D5A-A783-8B1FCC380948}"
EndProject
Global
	GlobalSection(SolutionConfigurationPlatforms) = preSolution
		Debug|Any CPU = Debug|Any CPU
		Release|Any CPU = Release|Any CPU
	EndGlobalSection
	GlobalSection(ProjectConfigurationPlatforms) = postSolution
		{E9BC923B-AC68-4D5A-A783-8B1FCC380948}.Debug|Any CPU.ActiveCfg = Debug|Any CPU
		{E9BC923B-AC68-4D5A-A783-8B1FCC380948}.Debug|Any CPU.Build.0 = Debug|Any CPU
		{E9BC923B-AC68-4D5A-A783-8B1FCC380948}.Release|Any CPU.ActiveCfg = Release|Any CPU
		{E9BC923B-AC68-4D5A-A783-8B1FCC380948}.Release|Any CPU.Build.0 = Release|Any CPU
	EndGlobalSection
	GlobalSection(SolutionProperties) = preSolution
		HideSolutionNode = FALSE
	EndGlobalSection
	GlobalSection(ExtensibilityGlobals) = postSolution
		SolutionGuid = {D14ADE42-1097-4033-B92B-AA2A4AC06C98}
	EndGlobalSection
EndGlobal
